
Microsoft Visual Studio Solution File, Format Version 12.00
# Visual Studio 15
VisualStudioVersion = 15.0.28307.102
MinimumVisualStudioVersion = 10.0.40219.1
Project("{FAE04EC0-301F-11D3-BF4B-00C04F79EFBC}") = "NinjaGame", "NinjaGame\NinjaGame.csproj", "{8859C4F7-FB75-4F87-8947-E7E9FD750EE2}"
EndProject
Project("{FAE04EC0-301F-11D3-BF4B-00C04F79EFBC}") = "TileEngine", "TileEngine\TileEngine.csproj", "{5319D13B-C2CC-4334-A72D-9172FBB773E8}"
EndProject
Project("{FAE04EC0-301F-11D3-BF4B-00C04F79EFBC}") = "TmxMapLibrary", "TmxMapLibrary\TmxMapLibrary.csproj", "{4CA5CE84-4E6E-4B9A-9D27-B774E097BC5C}"
EndProject
Project("{FAE04EC0-301F-11D3-BF4B-00C04F79EFBC}") = "CustomContentProcessorLibrary", "CustomContentProcessorLibrary\CustomContentProcessorLibrary.csproj", "{B0154FE8-CF21-45A9-9D54-44C41E9775C8}"
EndProject
Global
	GlobalSection(SolutionConfigurationPlatforms) = preSolution
		Debug|Any CPU = Debug|Any CPU
		Debug|x86 = Debug|x86
		Release|Any CPU = Release|Any CPU
		Release|x86 = Release|x86
	EndGlobalSection
	GlobalSection(ProjectConfigurationPlatforms) = postSolution
		{8859C4F7-FB75-4F87-8947-E7E9FD750EE2}.Debug|Any CPU.ActiveCfg = Debug|x86
		{8859C4F7-FB75-4F87-8947-E7E9FD750EE2}.Debug|x86.ActiveCfg = Debug|x86
		{8859C4F7-FB75-4F87-8947-E7E9FD750EE2}.Debug|x86.Build.0 = Debug|x86
		{8859C4F7-FB75-4F87-8947-E7E9FD750EE2}.Release|Any CPU.ActiveCfg = Release|x86
		{8859C4F7-FB75-4F87-8947-E7E9FD750EE2}.Release|x86.ActiveCfg = Release|x86
		{8859C4F7-FB75-4F87-8947-E7E9FD750EE2}.Release|x86.Build.0 = Release|x86
		{5319D13B-C2CC-4334-A72D-9172FBB773E8}.Debug|Any CPU.ActiveCfg = Debug|Any CPU
		{5319D13B-C2CC-4334-A72D-9172FBB773E8}.Debug|Any CPU.Build.0 = Debug|Any CPU
		{5319D13B-C2CC-4334-A72D-9172FBB773E8}.Debug|x86.ActiveCfg = Debug|Any CPU
		{5319D13B-C2CC-4334-A72D-9172FBB773E8}.Debug|x86.Build.0 = Debug|Any CPU
		{5319D13B-C2CC-4334-A72D-9172FBB773E8}.Release|Any CPU.ActiveCfg = Release|Any CPU
		{5319D13B-C2CC-4334-A72D-9172FBB773E8}.Release|Any CPU.Build.0 = Release|Any CPU
		{5319D13B-C2CC-4334-A72D-9172FBB773E8}.Release|x86.ActiveCfg = Release|Any CPU
		{5319D13B-C2CC-4334-A72D-9172FBB773E8}.Release|x86.Build.0 = Release|Any CPU
		{4CA5CE84-4E6E-4B9A-9D27-B774E097BC5C}.Debug|Any CPU.ActiveCfg = Debug|Any CPU
		{4CA5CE84-4E6E-4B9A-9D27-B774E097BC5C}.Debug|Any CPU.Build.0 = Debug|Any CPU
		{4CA5CE84-4E6E-4B9A-9D27-B774E097BC5C}.Debug|x86.ActiveCfg = Debug|x86
		{4CA5CE84-4E6E-4B9A-9D27-B774E097BC5C}.Debug|x86.Build.0 = Debug|x86
		{4CA5CE84-4E6E-4B9A-9D27-B774E097BC5C}.Release|Any CPU.ActiveCfg = Release|Any CPU
		{4CA5CE84-4E6E-4B9A-9D27-B774E097BC5C}.Release|Any CPU.Build.0 = Release|Any CPU
		{4CA5CE84-4E6E-4B9A-9D27-B774E097BC5C}.Release|x86.ActiveCfg = Release|x86
		{4CA5CE84-4E6E-4B9A-9D27-B774E097BC5C}.Release|x86.Build.0 = Release|x86
		{B0154FE8-CF21-45A9-9D54-44C41E9775C8}.Debug|Any CPU.ActiveCfg = Debug|Any CPU
		{B0154FE8-CF21-45A9-9D54-44C41E9775C8}.Debug|Any CPU.Build.0 = Debug|Any CPU
		{B0154FE8-CF21-45A9-9D54-44C41E9775C8}.Debug|x86.ActiveCfg = Debug|x86
		{B0154FE8-CF21-45A9-9D54-44C41E9775C8}.Debug|x86.Build.0 = Debug|x86
		{B0154FE8-CF21-45A9-9D54-44C41E9775C8}.Release|Any CPU.ActiveCfg = Release|Any CPU
		{B0154FE8-CF21-45A9-9D54-44C41E9775C8}.Release|Any CPU.Build.0 = Release|Any CPU
		{B0154FE8-CF21-45A9-9D54-44C41E9775C8}.Release|x86.ActiveCfg = Release|x86
		{B0154FE8-CF21-45A9-9D54-44C41E9775C8}.Release|x86.Build.0 = Release|x86
	EndGlobalSection
	GlobalSection(SolutionProperties) = preSolution
		HideSolutionNode = FALSE
	EndGlobalSection
	GlobalSection(ExtensibilityGlobals) = postSolution
		SolutionGuid = {52F51E10-39A9-4C17-A838-05EF24343014}
	EndGlobalSection
EndGlobal
